
Microsoft Visual Studio Solution File, Format Version 12.00
# Visual Studio 14
VisualStudioVersion = 14.0.25123.0
MinimumVisualStudioVersion = 10.0.40219.1
Project("{FAE04EC0-301F-11D3-BF4B-00C04F79EFBC}") = "WhereUAt.Ninja.Mobile.iOS", "WhereUAt.Ninja.Mobile\WhereUAt.Ninja.Mobile.iOS\WhereUAt.Ninja.Mobile.iOS.csproj", "{1852B141-43E1-4383-8C92-4CACE6AA0191}"
EndProject
Project("{FAE04EC0-301F-11D3-BF4B-00C04F79EFBC}") = "WhereUAt.Ninja.Mobile.Droid", "WhereUAt.Ninja.Mobile\WhereUAt.Ninja.Mobile.Droid\WhereUAt.Ninja.Mobile.Droid.csproj", "{518DF9C4-5C30-415C-BAC3-61309193D2BA}"
EndProject
Project("{FAE04EC0-301F-11D3-BF4B-00C04F79EFBC}") = "WhereUAt.Ninja.Mobile", "WhereUAt.Ninja.Mobile\WhereUAt.Ninja.Mobile\WhereUAt.Ninja.Mobile.csproj", "{E2054D00-5D6B-432E-A6C1-8F0E5837D119}"
EndProject
Global
	GlobalSection(SolutionConfigurationPlatforms) = preSolution
		Ad-Hoc|Any CPU = Ad-Hoc|Any CPU
		Ad-Hoc|ARM = Ad-Hoc|ARM
		Ad-Hoc|iPhone = Ad-Hoc|iPhone
		Ad-Hoc|iPhoneSimulator = Ad-Hoc|iPhoneSimulator
		Ad-Hoc|x86 = Ad-Hoc|x86
		AppStore|Any CPU = AppStore|Any CPU
		AppStore|ARM = AppStore|ARM
		AppStore|iPhone = AppStore|iPhone
		AppStore|iPhoneSimulator = AppStore|iPhoneSimulator
		AppStore|x86 = AppStore|x86
		Debug|Any CPU = Debug|Any CPU
		Debug|ARM = Debug|ARM
		Debug|iPhone = Debug|iPhone
		Debug|iPhoneSimulator = Debug|iPhoneSimulator
		Debug|x86 = Debug|x86
		Release|Any CPU = Release|Any CPU
		Release|ARM = Release|ARM
		Release|iPhone = Release|iPhone
		Release|iPhoneSimulator = Release|iPhoneSimulator
		Release|x86 = Release|x86
	EndGlobalSection
	GlobalSection(ProjectConfigurationPlatforms) = postSolution
		{1852B141-43E1-4383-8C92-4CACE6AA0191}.Ad-Hoc|Any CPU.ActiveCfg = Ad-Hoc|iPhone
		{1852B141-43E1-4383-8C92-4CACE6AA0191}.Ad-Hoc|ARM.ActiveCfg = Ad-Hoc|iPhoneSimulator
		{1852B141-43E1-4383-8C92-4CACE6AA0191}.Ad-Hoc|iPhone.ActiveCfg = Ad-Hoc|iPhone
		{1852B141-43E1-4383-8C92-4CACE6AA0191}.Ad-Hoc|iPhone.Build.0 = Ad-Hoc|iPhone
		{1852B141-43E1-4383-8C92-4CACE6AA0191}.Ad-Hoc|iPhoneSimulator.ActiveCfg = Ad-Hoc|iPhoneSimulator
		{1852B141-43E1-4383-8C92-4CACE6AA0191}.Ad-Hoc|iPhoneSimulator.Build.0 = Ad-Hoc|iPhoneSimulator
		{1852B141-43E1-4383-8C92-4CACE6AA0191}.Ad-Hoc|x86.ActiveCfg = Ad-Hoc|iPhoneSimulator
		{1852B141-43E1-4383-8C92-4CACE6AA0191}.AppStore|Any CPU.ActiveCfg = AppStore|iPhone
		{1852B141-43E1-4383-8C92-4CACE6AA0191}.AppStore|ARM.ActiveCfg = AppStore|iPhoneSimulator
		{1852B141-43E1-4383-8C92-4CACE6AA0191}.AppStore|iPhone.ActiveCfg = AppStore|iPhone
		{1852B141-43E1-4383-8C92-4CACE6AA0191}.AppStore|iPhone.Build.0 = AppStore|iPhone
		{1852B141-43E1-4383-8C92-4CACE6AA0191}.AppStore|iPhoneSimulator.ActiveCfg = AppStore|iPhoneSimulator
		{1852B141-43E1-4383-8C92-4CACE6AA0191}.AppStore|iPhoneSimulator.Build.0 = AppStore|iPhoneSimulator
		{1852B141-43E1-4383-8C92-4CACE6AA0191}.AppStore|x86.ActiveCfg = AppStore|iPhoneSimulator
		{1852B141-43E1-4383-8C92-4CACE6AA0191}.Debug|Any CPU.ActiveCfg = Debug|iPhone
		{1852B141-43E1-4383-8C92-4CACE6AA0191}.Debug|ARM.ActiveCfg = Debug|iPhoneSimulator
		{1852B141-43E1-4383-8C92-4CACE6AA0191}.Debug|iPhone.ActiveCfg = Debug|iPhone
		{1852B141-43E1-4383-8C92-4CACE6AA0191}.Debug|iPhone.Build.0 = Debug|iPhone
		{1852B141-43E1-4383-8C92-4CACE6AA0191}.Debug|iPhoneSimulator.ActiveCfg = Debug|iPhoneSimulator
		{1852B141-43E1-4383-8C92-4CACE6AA0191}.Debug|iPhoneSimulator.Build.0 = Debug|iPhoneSimulator
		{1852B141-43E1-4383-8C92-4CACE6AA0191}.Debug|iPhoneSimulator.Deploy.0 = Debug|iPhoneSimulator
		{1852B141-43E1-4383-8C92-4CACE6AA0191}.Debug|x86.ActiveCfg = Debug|iPhoneSimulator
		{1852B141-43E1-4383-8C92-4CACE6AA0191}.Release|Any CPU.ActiveCfg = Release|iPhone
		{1852B141-43E1-4383-8C92-4CACE6AA0191}.Release|ARM.ActiveCfg = Release|iPhoneSimulator
		{1852B141-43E1-4383-8C92-4CACE6AA0191}.Release|iPhone.ActiveCfg = Release|iPhone
		{1852B141-43E1-4383-8C92-4CACE6AA0191}.Release|iPhone.Build.0 = Release|iPhone
		{1852B141-43E1-4383-8C92-4CACE6AA0191}.Release|iPhoneSimulator.ActiveCfg = Release|iPhoneSimulator
		{1852B141-43E1-4383-8C92-4CACE6AA0191}.Release|iPhoneSimulator.Build.0 = Release|iPhoneSimulator
		{1852B141-43E1-4383-8C92-4CACE6AA0191}.Release|x86.ActiveCfg = Release|iPhoneSimulator
		{518DF9C4-5C30-415C-BAC3-61309193D2BA}.Ad-Hoc|Any CPU.ActiveCfg = Release|Any CPU
		{518DF9C4-5C30-415C-BAC3-61309193D2BA}.Ad-Hoc|Any CPU.Build.0 = Release|Any CPU
		{518DF9C4-5C30-415C-BAC3-61309193D2BA}.Ad-Hoc|Any CPU.Deploy.0 = Release|Any CPU
		{518DF9C4-5C30-415C-BAC3-61309193D2BA}.Ad-Hoc|ARM.ActiveCfg = Debug|Any CPU
		{518DF9C4-5C30-415C-BAC3-61309193D2BA}.Ad-Hoc|ARM.Build.0 = Debug|Any CPU
		{518DF9C4-5C30-415C-BAC3-61309193D2BA}.Ad-Hoc|ARM.Deploy.0 = Debug|Any CPU
		{518DF9C4-5C30-415C-BAC3-61309193D2BA}.Ad-Hoc|iPhone.ActiveCfg = Release|Any CPU
		{518DF9C4-5C30-415C-BAC3-61309193D2BA}.Ad-Hoc|iPhone.Build.0 = Release|Any CPU
		{518DF9C4-5C30-415C-BAC3-61309193D2BA}.Ad-Hoc|iPhone.Deploy.0 = Release|Any CPU
		{518DF9C4-5C30-415C-BAC3-61309193D2BA}.Ad-Hoc|iPhoneSimulator.ActiveCfg = Release|Any CPU
		{518DF9C4-5C30-415C-BAC3-61309193D2BA}.Ad-Hoc|iPhoneSimulator.Build.0 = Release|Any CPU
		{518DF9C4-5C30-415C-BAC3-61309193D2BA}.Ad-Hoc|iPhoneSimulator.Deploy.0 = Release|Any CPU
		{518DF9C4-5C30-415C-BAC3-61309193D2BA}.Ad-Hoc|x86.ActiveCfg = Debug|Any CPU
		{518DF9C4-5C30-415C-BAC3-61309193D2BA}.Ad-Hoc|x86.Build.0 = Debug|Any CPU
		{518DF9C4-5C30-415C-BAC3-61309193D2BA}.Ad-Hoc|x86.Deploy.0 = Debug|Any CPU
		{518DF9C4-5C30-415C-BAC3-61309193D2BA}.AppStore|Any CPU.ActiveCfg = Release|Any CPU
		{518DF9C4-5C30-415C-BAC3-61309193D2BA}.AppStore|Any CPU.Build.0 = Release|Any CPU
		{518DF9C4-5C30-415C-BAC3-61309193D2BA}.AppStore|Any CPU.Deploy.0 = Release|Any CPU
		{518DF9C4-5C30-415C-BAC3-61309193D2BA}.AppStore|ARM.ActiveCfg = Debug|Any CPU
		{518DF9C4-5C30-415C-BAC3-61309193D2BA}.AppStore|ARM.Build.0 = Debug|Any CPU
		{518DF9C4-5C30-415C-BAC3-61309193D2BA}.AppStore|ARM.Deploy.0 = Debug|Any CPU
		{518DF9C4-5C30-415C-BAC3-61309193D2BA}.AppStore|iPhone.ActiveCfg = Release|Any CPU
		{518DF9C4-5C30-415C-BAC3-61309193D2BA}.AppStore|iPhone.Build.0 = Release|Any CPU
		{518DF9C4-5C30-415C-BAC3-61309193D2BA}.AppStore|iPhone.Deploy.0 = Release|Any CPU
		{518DF9C4-5C30-415C-BAC3-61309193D2BA}.AppStore|iPhoneSimulator.ActiveCfg = Release|Any CPU
		{518DF9C4-5C30-415C-BAC3-61309193D2BA}.AppStore|iPhoneSimulator.Build.0 = Release|Any CPU
		{518DF9C4-5C30-415C-BAC3-61309193D2BA}.AppStore|iPhoneSimulator.Deploy.0 = Release|Any CPU
		{518DF9C4-5C30-415C-BAC3-61309193D2BA}.AppStore|x86.ActiveCfg = Debug|Any CPU
		{518DF9C4-5C30-415C-BAC3-61309193D2BA}.AppStore|x86.Build.0 = Debug|Any CPU
		{518DF9C4-5C30-415C-BAC3-61309193D2BA}.AppStore|x86.Deploy.0 = Debug|Any CPU
		{518DF9C4-5C30-415C-BAC3-61309193D2BA}.Debug|Any CPU.ActiveCfg = Debug|Any CPU
		{518DF9C4-5C30-415C-BAC3-61309193D2BA}.Debug|Any CPU.Build.0 = Debug|Any CPU
		{518DF9C4-5C30-415C-BAC3-61309193D2BA}.Debug|Any CPU.Deploy.0 = Debug|Any CPU
		{518DF9C4-5C30-415C-BAC3-61309193D2BA}.Debug|ARM.ActiveCfg = Debug|Any CPU
		{518DF9C4-5C30-415C-BAC3-61309193D2BA}.Debug|ARM.Build.0 = Debug|Any CPU
		{518DF9C4-5C30-415C-BAC3-61309193D2BA}.Debug|ARM.Deploy.0 = Debug|Any CPU
		{518DF9C4-5C30-415C-BAC3-61309193D2BA}.Debug|iPhone.ActiveCfg = Debug|Any CPU
		{518DF9C4-5C30-415C-BAC3-61309193D2BA}.Debug|iPhone.Build.0 = Debug|Any CPU
		{518DF9C4-5C30-415C-BAC3-61309193D2BA}.Debug|iPhone.Deploy.0 = Debug|Any CPU
		{518DF9C4-5C30-415C-BAC3-61309193D2BA}.Debug|iPhoneSimulator.ActiveCfg = Debug|Any CPU
		{518DF9C4-5C30-415C-BAC3-61309193D2BA}.Debug|iPhoneSimulator.Build.0 = Debug|Any CPU
		{518DF9C4-5C30-415C-BAC3-61309193D2BA}.Debug|iPhoneSimulator.Deploy.0 = Debug|Any CPU
		{518DF9C4-5C30-415C-BAC3-61309193D2BA}.Debug|x86.ActiveCfg = Debug|Any CPU
		{518DF9C4-5C30-415C-BAC3-61309193D2BA}.Debug|x86.Build.0 = Debug|Any CPU
		{518DF9C4-5C30-415C-BAC3-61309193D2BA}.Debug|x86.Deploy.0 = Debug|Any CPU
		{518DF9C4-5C30-415C-BAC3-61309193D2BA}.Release|Any CPU.ActiveCfg = Release|Any CPU
		{518DF9C4-5C30-415C-BAC3-61309193D2BA}.Release|Any CPU.Build.0 = Release|Any CPU
		{518DF9C4-5C30-415C-BAC3-61309193D2BA}.Release|Any CPU.Deploy.0 = Release|Any CPU
		{518DF9C4-5C30-415C-BAC3-61309193D2BA}.Release|ARM.ActiveCfg = Release|Any CPU
		{518DF9C4-5C30-415C-BAC3-61309193D2BA}.Release|ARM.Build.0 = Release|Any CPU
		{518DF9C4-5C30-415C-BAC3-61309193D2BA}.Release|ARM.Deploy.0 = Release|Any CPU
		{518DF9C4-5C30-415C-BAC3-61309193D2BA}.Release|iPhone.ActiveCfg = Release|Any CPU
		{518DF9C4-5C30-415C-BAC3-61309193D2BA}.Release|iPhone.Build.0 = Release|Any CPU
		{518DF9C4-5C30-415C-BAC3-61309193D2BA}.Release|iPhone.Deploy.0 = Release|Any CPU
		{518DF9C4-5C30-415C-BAC3-61309193D2BA}.Release|iPhoneSimulator.ActiveCfg = Release|Any CPU
		{518DF9C4-5C30-415C-BAC3-61309193D2BA}.Release|iPhoneSimulator.Build.0 = Release|Any CPU
		{518DF9C4-5C30-415C-BAC3-61309193D2BA}.Release|iPhoneSimulator.Deploy.0 = Release|Any CPU
		{518DF9C4-5C30-415C-BAC3-61309193D2BA}.Release|x86.ActiveCfg = Release|Any CPU
		{518DF9C4-5C30-415C-BAC3-61309193D2BA}.Release|x86.Build.0 = Release|Any CPU
		{518DF9C4-5C30-415C-BAC3-61309193D2BA}.Release|x86.Deploy.0 = Release|Any CPU
		{E2054D00-5D6B-432E-A6C1-8F0E5837D119}.Ad-Hoc|Any CPU.ActiveCfg = Release|Any CPU
		{E2054D00-5D6B-432E-A6C1-8F0E5837D119}.Ad-Hoc|Any CPU.Build.0 = Release|Any CPU
		{E2054D00-5D6B-432E-A6C1-8F0E5837D119}.Ad-Hoc|ARM.ActiveCfg = Debug|Any CPU
		{E2054D00-5D6B-432E-A6C1-8F0E5837D119}.Ad-Hoc|ARM.Build.0 = Debug|Any CPU
		{E2054D00-5D6B-432E-A6C1-8F0E5837D119}.Ad-Hoc|iPhone.ActiveCfg = Release|Any CPU
		{E2054D00-5D6B-432E-A6C1-8F0E5837D119}.Ad-Hoc|iPhone.Build.0 = Release|Any CPU
		{E2054D00-5D6B-432E-A6C1-8F0E5837D119}.Ad-Hoc|iPhoneSimulator.ActiveCfg = Release|Any CPU
		{E2054D00-5D6B-432E-A6C1-8F0E5837D119}.Ad-Hoc|iPhoneSimulator.Build.0 = Release|Any CPU
		{E2054D00-5D6B-432E-A6C1-8F0E5837D119}.Ad-Hoc|x86.ActiveCfg = Debug|Any CPU
		{E2054D00-5D6B-432E-A6C1-8F0E5837D119}.Ad-Hoc|x86.Build.0 = Debug|Any CPU
		{E2054D00-5D6B-432E-A6C1-8F0E5837D119}.AppStore|Any CPU.ActiveCfg = Release|Any CPU
		{E2054D00-5D6B-432E-A6C1-8F0E5837D119}.AppStore|Any CPU.Build.0 = Release|Any CPU
		{E2054D00-5D6B-432E-A6C1-8F0E5837D119}.AppStore|ARM.ActiveCfg = Debug|Any CPU
		{E2054D00-5D6B-432E-A6C1-8F0E5837D119}.AppStore|ARM.Build.0 = Debug|Any CPU
		{E2054D00-5D6B-432E-A6C1-8F0E5837D119}.AppStore|iPhone.ActiveCfg = Release|Any CPU
		{E2054D00-5D6B-432E-A6C1-8F0E5837D119}.AppStore|iPhone.Build.0 = Release|Any CPU
		{E2054D00-5D6B-432E-A6C1-8F0E5837D119}.AppStore|iPhoneSimulator.ActiveCfg = Release|Any CPU
		{E2054D00-5D6B-432E-A6C1-8F0E5837D119}.AppStore|iPhoneSimulator.Build.0 = Release|Any CPU
		{E2054D00-5D6B-432E-A6C1-8F0E5837D119}.AppStore|x86.ActiveCfg = Debug|Any CPU
		{E2054D00-5D6B-432E-A6C1-8F0E5837D119}.AppStore|x86.Build.0 = Debug|Any CPU
		{E2054D00-5D6B-432E-A6C1-8F0E5837D119}.Debug|Any CPU.ActiveCfg = Debug|Any CPU
		{E2054D00-5D6B-432E-A6C1-8F0E5837D119}.Debug|Any CPU.Build.0 = Debug|Any CPU
		{E2054D00-5D6B-432E-A6C1-8F0E5837D119}.Debug|ARM.ActiveCfg = Debug|Any CPU
		{E2054D00-5D6B-432E-A6C1-8F0E5837D119}.Debug|ARM.Build.0 = Debug|Any CPU
		{E2054D00-5D6B-432E-A6C1-8F0E5837D119}.Debug|iPhone.ActiveCfg = Debug|Any CPU
		{E2054D00-5D6B-432E-A6C1-8F0E5837D119}.Debug|iPhone.Build.0 = Debug|Any CPU
		{E2054D00-5D6B-432E-A6C1-8F0E5837D119}.Debug|iPhoneSimulator.ActiveCfg = Debug|Any CPU
		{E2054D00-5D6B-432E-A6C1-8F0E5837D119}.Debug|iPhoneSimulator.Build.0 = Debug|Any CPU
		{E2054D00-5D6B-432E-A6C1-8F0E5837D119}.Debug|x86.ActiveCfg = Debug|Any CPU
		{E2054D00-5D6B-432E-A6C1-8F0E5837D119}.Debug|x86.Build.0 = Debug|Any CPU
		{E2054D00-5D6B-432E-A6C1-8F0E5837D119}.Release|Any CPU.ActiveCfg = Release|Any CPU
		{E2054D00-5D6B-432E-A6C1-8F0E5837D119}.Release|Any CPU.Build.0 = Release|Any CPU
		{E2054D00-5D6B-432E-A6C1-8F0E5837D119}.Release|ARM.ActiveCfg = Release|Any CPU
		{E2054D00-5D6B-432E-A6C1-8F0E5837D119}.Release|ARM.Build.0 = Release|Any CPU
		{E2054D00-5D6B-432E-A6C1-8F0E5837D119}.Release|iPhone.ActiveCfg = Release|Any CPU
		{E2054D00-5D6B-432E-A6C1-8F0E5837D119}.Release|iPhone.Build.0 = Release|Any CPU
		{E2054D00-5D6B-432E-A6C1-8F0E5837D119}.Release|iPhoneSimulator.ActiveCfg = Release|Any CPU
		{E2054D00-5D6B-432E-A6C1-8F0E5837D119}.Release|iPhoneSimulator.Build.0 = Release|Any CPU
		{E2054D00-5D6B-432E-A6C1-8F0E5837D119}.Release|x86.ActiveCfg = Release|Any CPU
		{E2054D00-5D6B-432E-A6C1-8F0E5837D119}.Release|x86.Build.0 = Release|Any CPU
	EndGlobalSection
	GlobalSection(SolutionProperties) = preSolution
		HideSolutionNode = FALSE
	EndGlobalSection
EndGlobal
